
Microsoft Visual Studio Solution File, Format Version 12.00
# Visual Studio Version 17
VisualStudioVersion = 17.5.33530.505
MinimumVisualStudioVersion = 10.0.40219.1
Project("{FAE04EC0-301F-11D3-BF4B-00C04F79EFBC}") = "Ritola_RoboDialer", "Ritola_RoboDialer\Ritola_RoboDialer.csproj", "{0B6A0D76-EEE0-4A03-9AB2-5A432ADE5567}"
EndProject
Global
	GlobalSection(SolutionConfigurationPlatforms) = preSolution
		Debug|Any CPU = Debug|Any CPU
		Release|Any CPU = Release|Any CPU
	EndGlobalSection
	GlobalSection(ProjectConfigurationPlatforms) = postSolution
		{0B6A0D76-EEE0-4A03-9AB2-5A432ADE5567}.Debug|Any CPU.ActiveCfg = Debug|Any CPU
		{0B6A0D76-EEE0-4A03-9AB2-5A432ADE5567}.Debug|Any CPU.Build.0 = Debug|Any CPU
		{0B6A0D76-EEE0-4A03-9AB2-5A432ADE5567}.Release|Any CPU.ActiveCfg = Release|Any CPU
		{0B6A0D76-EEE0-4A03-9AB2-5A432ADE5567}.Release|Any CPU.Build.0 = Release|Any CPU
	EndGlobalSection
	GlobalSection(SolutionProperties) = preSolution
		HideSolutionNode = FALSE
	EndGlobalSection
	GlobalSection(ExtensibilityGlobals) = postSolution
		SolutionGuid = {18B3F49C-5A70-486D-A219-E72D02D3CAD8}
	EndGlobalSection
EndGlobal
